
Microsoft Visual Studio Solution File, Format Version 12.00
# Visual Studio 15
VisualStudioVersion = 15.0.26730.16
MinimumVisualStudioVersion = 10.0.40219.1
Project("{8BC9CEB8-8B4A-11D0-8D11-00A0C91BC942}") = "vs-opengl3", "vs-opengl3\vs-opengl3.vcxproj", "{B14496E7-E574-4DDD-AC20-7ECB59567E5A}"
EndProject
Project("{8BC9CEB8-8B4A-11D0-8D11-00A0C91BC942}") = "gl3FwEw", "gl3FwEw\gl3FwEw.vcxproj", "{44024379-6BA3-402C-9FBB-537481B872AB}"
EndProject
Project("{8BC9CEB8-8B4A-11D0-8D11-00A0C91BC942}") = "gl3FwGlad", "gl3FwGlad\gl3FwGlad.vcxproj", "{275B6CFE-F978-414A-86BA-E8BA0EC7951A}"
EndProject
Project("{8BC9CEB8-8B4A-11D0-8D11-00A0C91BC942}") = "gl-render2texture", "gl3-render2texture\gl-render2texture.vcxproj", "{F2F7032B-3CF1-4AD2-802C-096098D5FCDE}"
EndProject
Global
	GlobalSection(SolutionConfigurationPlatforms) = preSolution
		Debug|x64 = Debug|x64
		Debug|x86 = Debug|x86
		Release|x64 = Release|x64
		Release|x86 = Release|x86
	EndGlobalSection
	GlobalSection(ProjectConfigurationPlatforms) = postSolution
		{B14496E7-E574-4DDD-AC20-7ECB59567E5A}.Debug|x64.ActiveCfg = Debug|x64
		{B14496E7-E574-4DDD-AC20-7ECB59567E5A}.Debug|x64.Build.0 = Debug|x64
		{B14496E7-E574-4DDD-AC20-7ECB59567E5A}.Debug|x86.ActiveCfg = Debug|Win32
		{B14496E7-E574-4DDD-AC20-7ECB59567E5A}.Debug|x86.Build.0 = Debug|Win32
		{B14496E7-E574-4DDD-AC20-7ECB59567E5A}.Release|x64.ActiveCfg = Release|x64
		{B14496E7-E574-4DDD-AC20-7ECB59567E5A}.Release|x64.Build.0 = Release|x64
		{B14496E7-E574-4DDD-AC20-7ECB59567E5A}.Release|x86.ActiveCfg = Release|Win32
		{B14496E7-E574-4DDD-AC20-7ECB59567E5A}.Release|x86.Build.0 = Release|Win32
		{44024379-6BA3-402C-9FBB-537481B872AB}.Debug|x64.ActiveCfg = Debug|x64
		{44024379-6BA3-402C-9FBB-537481B872AB}.Debug|x64.Build.0 = Debug|x64
		{44024379-6BA3-402C-9FBB-537481B872AB}.Debug|x86.ActiveCfg = Debug|Win32
		{44024379-6BA3-402C-9FBB-537481B872AB}.Debug|x86.Build.0 = Debug|Win32
		{44024379-6BA3-402C-9FBB-537481B872AB}.Release|x64.ActiveCfg = Release|x64
		{44024379-6BA3-402C-9FBB-537481B872AB}.Release|x64.Build.0 = Release|x64
		{44024379-6BA3-402C-9FBB-537481B872AB}.Release|x86.ActiveCfg = Release|Win32
		{44024379-6BA3-402C-9FBB-537481B872AB}.Release|x86.Build.0 = Release|Win32
		{275B6CFE-F978-414A-86BA-E8BA0EC7951A}.Debug|x64.ActiveCfg = Debug|x64
		{275B6CFE-F978-414A-86BA-E8BA0EC7951A}.Debug|x64.Build.0 = Debug|x64
		{275B6CFE-F978-414A-86BA-E8BA0EC7951A}.Debug|x86.ActiveCfg = Debug|Win32
		{275B6CFE-F978-414A-86BA-E8BA0EC7951A}.Debug|x86.Build.0 = Debug|Win32
		{275B6CFE-F978-414A-86BA-E8BA0EC7951A}.Release|x64.ActiveCfg = Release|x64
		{275B6CFE-F978-414A-86BA-E8BA0EC7951A}.Release|x64.Build.0 = Release|x64
		{275B6CFE-F978-414A-86BA-E8BA0EC7951A}.Release|x86.ActiveCfg = Release|Win32
		{275B6CFE-F978-414A-86BA-E8BA0EC7951A}.Release|x86.Build.0 = Release|Win32
		{F2F7032B-3CF1-4AD2-802C-096098D5FCDE}.Debug|x64.ActiveCfg = Debug|x64
		{F2F7032B-3CF1-4AD2-802C-096098D5FCDE}.Debug|x64.Build.0 = Debug|x64
		{F2F7032B-3CF1-4AD2-802C-096098D5FCDE}.Debug|x86.ActiveCfg = Debug|Win32
		{F2F7032B-3CF1-4AD2-802C-096098D5FCDE}.Debug|x86.Build.0 = Debug|Win32
		{F2F7032B-3CF1-4AD2-802C-096098D5FCDE}.Release|x64.ActiveCfg = Release|x64
		{F2F7032B-3CF1-4AD2-802C-096098D5FCDE}.Release|x64.Build.0 = Release|x64
		{F2F7032B-3CF1-4AD2-802C-096098D5FCDE}.Release|x86.ActiveCfg = Release|Win32
		{F2F7032B-3CF1-4AD2-802C-096098D5FCDE}.Release|x86.Build.0 = Release|Win32
	EndGlobalSection
	GlobalSection(SolutionProperties) = preSolution
		HideSolutionNode = FALSE
	EndGlobalSection
	GlobalSection(ExtensibilityGlobals) = postSolution
		SolutionGuid = {7D93884C-FA11-4A13-B3DF-5A1360B12A35}
	EndGlobalSection
EndGlobal
